
Microsoft Visual Studio Solution File, Format Version 12.00
# Visual Studio Version 16
VisualStudioVersion = 16.0.34902.97
MinimumVisualStudioVersion = 10.0.40219.1
Project("{FAE04EC0-301F-11D3-BF4B-00C04F79EFBC}") = "Realm_Expansion_Capstone_Project", "Realm_Expansion_Capstone_Project\Realm_Expansion_Capstone_Project.csproj", "{FD758C12-7642-49BD-AC89-D5B977BB6E14}"
EndProject
Global
	GlobalSection(SolutionConfigurationPlatforms) = preSolution
		Debug|Any CPU = Debug|Any CPU
		Release|Any CPU = Release|Any CPU
	EndGlobalSection
	GlobalSection(ProjectConfigurationPlatforms) = postSolution
		{FD758C12-7642-49BD-AC89-D5B977BB6E14}.Debug|Any CPU.ActiveCfg = Debug|Any CPU
		{FD758C12-7642-49BD-AC89-D5B977BB6E14}.Debug|Any CPU.Build.0 = Debug|Any CPU
		{FD758C12-7642-49BD-AC89-D5B977BB6E14}.Release|Any CPU.ActiveCfg = Release|Any CPU
		{FD758C12-7642-49BD-AC89-D5B977BB6E14}.Release|Any CPU.Build.0 = Release|Any CPU
	EndGlobalSection
	GlobalSection(SolutionProperties) = preSolution
		HideSolutionNode = FALSE
	EndGlobalSection
	GlobalSection(ExtensibilityGlobals) = postSolution
		SolutionGuid = {B302F7CF-EE73-46A4-87AC-4DF5608F414D}
	EndGlobalSection
EndGlobal
